
Microsoft Visual Studio Solution File, Format Version 12.00
# Visual Studio Version 17
VisualStudioVersion = 17.5.002.0
MinimumVisualStudioVersion = 10.0.40219.1
Project("{2150E333-8FDC-42A3-9474-1A3956D46DE8}") = "csharp-prep", "csharp-prep", "{6645EEDD-9466-418C-8ADA-DD0A505974CB}"
EndProject
Project("{9A19103F-16F7-4668-BE54-9A1E7A4F7556}") = "Prep1", "csharp-prep\Prep1\Prep1.csproj", "{FE21B868-5F66-4AFA-AC9D-FC63D0765D47}"
EndProject
Project("{9A19103F-16F7-4668-BE54-9A1E7A4F7556}") = "Prep2", "csharp-prep\Prep2\Prep2.csproj", "{7CF63D34-57CA-4D44-AC2D-B91396C6A0C7}"
EndProject
Project("{9A19103F-16F7-4668-BE54-9A1E7A4F7556}") = "Prep3", "csharp-prep\Prep3\Prep3.csproj", "{2D22926C-1769-4213-AF59-AFACD27F35CD}"
EndProject
Project("{9A19103F-16F7-4668-BE54-9A1E7A4F7556}") = "Prep4", "csharp-prep\Prep4\Prep4.csproj", "{AEC3FF19-5DFD-45F5-8A57-1DE2F1F8D75F}"
EndProject
Project("{9A19103F-16F7-4668-BE54-9A1E7A4F7556}") = "Prep5", "csharp-prep\Prep5\Prep5.csproj", "{0B9CD12E-84A5-4A41-BB26-FBB11B59A488}"
EndProject
Project("{2150E333-8FDC-42A3-9474-1A3956D46DE8}") = "final", "final", "{68BAA6B5-0AFC-4C7A-994C-005BFAF1E5E2}"
EndProject
Project("{9A19103F-16F7-4668-BE54-9A1E7A4F7556}") = "FinalProject", "final\FinalProject\FinalProject.csproj", "{08264522-C477-4C06-97D1-39C1A8425312}"
EndProject
Project("{9A19103F-16F7-4668-BE54-9A1E7A4F7556}") = "Foundation1", "final\Foundation1\Foundation1.csproj", "{C327D6DD-CBCB-4991-A910-1DB21C24A65A}"
EndProject
Project("{9A19103F-16F7-4668-BE54-9A1E7A4F7556}") = "Foundation2", "final\Foundation2\Foundation2.csproj", "{1EF5EEBD-3C02-47BD-91BA-9CB7D7219268}"
EndProject
Project("{9A19103F-16F7-4668-BE54-9A1E7A4F7556}") = "Foundation3", "final\Foundation3\Foundation3.csproj", "{EDD83728-CE78-428A-AADB-AA4C4947C6A5}"
EndProject
Project("{9A19103F-16F7-4668-BE54-9A1E7A4F7556}") = "Foundation4", "final\Foundation4\Foundation4.csproj", "{0E64F13E-1DD0-424D-BC88-67D3ABF76F4E}"
EndProject
Project("{2150E333-8FDC-42A3-9474-1A3956D46DE8}") = "prepare", "prepare", "{C7DB20D9-E6AB-4C51-801D-E31A4ACCCC86}"
EndProject
Project("{9A19103F-16F7-4668-BE54-9A1E7A4F7556}") = "Learning02", "prepare\Learning02\Learning02.csproj", "{D04169E1-0009-4F87-9AAA-96D925E57526}"
EndProject
Project("{9A19103F-16F7-4668-BE54-9A1E7A4F7556}") = "Learning03", "prepare\Learning03\Learning03.csproj", "{6BCBDF8D-7BA0-4B23-9C4A-D602E5925809}"
EndProject
Project("{9A19103F-16F7-4668-BE54-9A1E7A4F7556}") = "Learning04", "prepare\Learning04\Learning04.csproj", "{DE43FF74-7E13-48D4-B364-FDEF4767A57C}"
EndProject
Project("{9A19103F-16F7-4668-BE54-9A1E7A4F7556}") = "Learning05", "prepare\Learning05\Learning05.csproj", "{FDA3A49D-82A0-47F4-AAFB-D99B6732B97E}"
EndProject
Project("{2150E333-8FDC-42A3-9474-1A3956D46DE8}") = "prove", "prove", "{2EAFF66B-2F5F-43E1-A5EB-80F6B53B934C}"
EndProject
Project("{9A19103F-16F7-4668-BE54-9A1E7A4F7556}") = "Develop02", "prove\Develop02\Develop02.csproj", "{D4DB9E5A-7E3D-40AD-AC93-C1ABEBACD041}"
EndProject
Project("{9A19103F-16F7-4668-BE54-9A1E7A4F7556}") = "Develop03", "prove\Develop03\Develop03.csproj", "{3A3A01DD-FF97-4B94-BC9D-F0972596EB45}"
EndProject
Project("{9A19103F-16F7-4668-BE54-9A1E7A4F7556}") = "Develop04", "prove\Develop04\Develop04.csproj", "{04A156BA-1C42-45F4-93F2-177F6A568653}"
EndProject
Project("{9A19103F-16F7-4668-BE54-9A1E7A4F7556}") = "Develop05", "prove\Develop05\Develop05.csproj", "{69E8A5FF-30C2-49E1-AAE9-162CC0E2E2C9}"
EndProject
Project("{2150E333-8FDC-42A3-9474-1A3956D46DE8}") = "sandbox", "sandbox", "{64210A46-689E-49D6-B8DB-13603839FC1D}"
EndProject
Project("{9A19103F-16F7-4668-BE54-9A1E7A4F7556}") = "Sandbox", "sandbox\Sandbox\Sandbox.csproj", "{CE6BCAE7-C565-41EE-9F1E-8A87BE9954D9}"
EndProject
Global
	GlobalSection(SolutionConfigurationPlatforms) = preSolution
		Debug|Any CPU = Debug|Any CPU
		Release|Any CPU = Release|Any CPU
	EndGlobalSection
	GlobalSection(ProjectConfigurationPlatforms) = postSolution
		{FE21B868-5F66-4AFA-AC9D-FC63D0765D47}.Debug|Any CPU.ActiveCfg = Debug|Any CPU
		{FE21B868-5F66-4AFA-AC9D-FC63D0765D47}.Debug|Any CPU.Build.0 = Debug|Any CPU
		{FE21B868-5F66-4AFA-AC9D-FC63D0765D47}.Release|Any CPU.ActiveCfg = Release|Any CPU
		{FE21B868-5F66-4AFA-AC9D-FC63D0765D47}.Release|Any CPU.Build.0 = Release|Any CPU
		{7CF63D34-57CA-4D44-AC2D-B91396C6A0C7}.Debug|Any CPU.ActiveCfg = Debug|Any CPU
		{7CF63D34-57CA-4D44-AC2D-B91396C6A0C7}.Debug|Any CPU.Build.0 = Debug|Any CPU
		{7CF63D34-57CA-4D44-AC2D-B91396C6A0C7}.Release|Any CPU.ActiveCfg = Release|Any CPU
		{7CF63D34-57CA-4D44-AC2D-B91396C6A0C7}.Release|Any CPU.Build.0 = Release|Any CPU
		{2D22926C-1769-4213-AF59-AFACD27F35CD}.Debug|Any CPU.ActiveCfg = Debug|Any CPU
		{2D22926C-1769-4213-AF59-AFACD27F35CD}.Debug|Any CPU.Build.0 = Debug|Any CPU
		{2D22926C-1769-4213-AF59-AFACD27F35CD}.Release|Any CPU.ActiveCfg = Release|Any CPU
		{2D22926C-1769-4213-AF59-AFACD27F35CD}.Release|Any CPU.Build.0 = Release|Any CPU
		{AEC3FF19-5DFD-45F5-8A57-1DE2F1F8D75F}.Debug|Any CPU.ActiveCfg = Debug|Any CPU
		{AEC3FF19-5DFD-45F5-8A57-1DE2F1F8D75F}.Debug|Any CPU.Build.0 = Debug|Any CPU
		{AEC3FF19-5DFD-45F5-8A57-1DE2F1F8D75F}.Release|Any CPU.ActiveCfg = Release|Any CPU
		{AEC3FF19-5DFD-45F5-8A57-1DE2F1F8D75F}.Release|Any CPU.Build.0 = Release|Any CPU
		{0B9CD12E-84A5-4A41-BB26-FBB11B59A488}.Debug|Any CPU.ActiveCfg = Debug|Any CPU
		{0B9CD12E-84A5-4A41-BB26-FBB11B59A488}.Debug|Any CPU.Build.0 = Debug|Any CPU
		{0B9CD12E-84A5-4A41-BB26-FBB11B59A488}.Release|Any CPU.ActiveCfg = Release|Any CPU
		{0B9CD12E-84A5-4A41-BB26-FBB11B59A488}.Release|Any CPU.Build.0 = Release|Any CPU
		{08264522-C477-4C06-97D1-39C1A8425312}.Debug|Any CPU.ActiveCfg = Debug|Any CPU
		{08264522-C477-4C06-97D1-39C1A8425312}.Debug|Any CPU.Build.0 = Debug|Any CPU
		{08264522-C477-4C06-97D1-39C1A8425312}.Release|Any CPU.ActiveCfg = Release|Any CPU
		{08264522-C477-4C06-97D1-39C1A8425312}.Release|Any CPU.Build.0 = Release|Any CPU
		{C327D6DD-CBCB-4991-A910-1DB21C24A65A}.Debug|Any CPU.ActiveCfg = Debug|Any CPU
		{C327D6DD-CBCB-4991-A910-1DB21C24A65A}.Debug|Any CPU.Build.0 = Debug|Any CPU
		{C327D6DD-CBCB-4991-A910-1DB21C24A65A}.Release|Any CPU.ActiveCfg = Release|Any CPU
		{C327D6DD-CBCB-4991-A910-1DB21C24A65A}.Release|Any CPU.Build.0 = Release|Any CPU
		{1EF5EEBD-3C02-47BD-91BA-9CB7D7219268}.Debug|Any CPU.ActiveCfg = Debug|Any CPU
		{1EF5EEBD-3C02-47BD-91BA-9CB7D7219268}.Debug|Any CPU.Build.0 = Debug|Any CPU
		{1EF5EEBD-3C02-47BD-91BA-9CB7D7219268}.Release|Any CPU.ActiveCfg = Release|Any CPU
		{1EF5EEBD-3C02-47BD-91BA-9CB7D7219268}.Release|Any CPU.Build.0 = Release|Any CPU
		{EDD83728-CE78-428A-AADB-AA4C4947C6A5}.Debug|Any CPU.ActiveCfg = Debug|Any CPU
		{EDD83728-CE78-428A-AADB-AA4C4947C6A5}.Debug|Any CPU.Build.0 = Debug|Any CPU
		{EDD83728-CE78-428A-AADB-AA4C4947C6A5}.Release|Any CPU.ActiveCfg = Release|Any CPU
		{EDD83728-CE78-428A-AADB-AA4C4947C6A5}.Release|Any CPU.Build.0 = Release|Any CPU
		{0E64F13E-1DD0-424D-BC88-67D3ABF76F4E}.Debug|Any CPU.ActiveCfg = Debug|Any CPU
		{0E64F13E-1DD0-424D-BC88-67D3ABF76F4E}.Debug|Any CPU.Build.0 = Debug|Any CPU
		{0E64F13E-1DD0-424D-BC88-67D3ABF76F4E}.Release|Any CPU.ActiveCfg = Release|Any CPU
		{0E64F13E-1DD0-424D-BC88-67D3ABF76F4E}.Release|Any CPU.Build.0 = Release|Any CPU
		{D04169E1-0009-4F87-9AAA-96D925E57526}.Debug|Any CPU.ActiveCfg = Debug|Any CPU
		{D04169E1-0009-4F87-9AAA-96D925E57526}.Debug|Any CPU.Build.0 = Debug|Any CPU
		{D04169E1-0009-4F87-9AAA-96D925E57526}.Release|Any CPU.ActiveCfg = Release|Any CPU
		{D04169E1-0009-4F87-9AAA-96D925E57526}.Release|Any CPU.Build.0 = Release|Any CPU
		{6BCBDF8D-7BA0-4B23-9C4A-D602E5925809}.Debug|Any CPU.ActiveCfg = Debug|Any CPU
		{6BCBDF8D-7BA0-4B23-9C4A-D602E5925809}.Debug|Any CPU.Build.0 = Debug|Any CPU
		{6BCBDF8D-7BA0-4B23-9C4A-D602E5925809}.Release|Any CPU.ActiveCfg = Release|Any CPU
		{6BCBDF8D-7BA0-4B23-9C4A-D602E5925809}.Release|Any CPU.Build.0 = Release|Any CPU
		{DE43FF74-7E13-48D4-B364-FDEF4767A57C}.Debug|Any CPU.ActiveCfg = Debug|Any CPU
		{DE43FF74-7E13-48D4-B364-FDEF4767A57C}.Debug|Any CPU.Build.0 = Debug|Any CPU
		{DE43FF74-7E13-48D4-B364-FDEF4767A57C}.Release|Any CPU.ActiveCfg = Release|Any CPU
		{DE43FF74-7E13-48D4-B364-FDEF4767A57C}.Release|Any CPU.Build.0 = Release|Any CPU
		{FDA3A49D-82A0-47F4-AAFB-D99B6732B97E}.Debug|Any CPU.ActiveCfg = Debug|Any CPU
		{FDA3A49D-82A0-47F4-AAFB-D99B6732B97E}.Debug|Any CPU.Build.0 = Debug|Any CPU
		{FDA3A49D-82A0-47F4-AAFB-D99B6732B97E}.Release|Any CPU.ActiveCfg = Release|Any CPU
		{FDA3A49D-82A0-47F4-AAFB-D99B6732B97E}.Release|Any CPU.Build.0 = Release|Any CPU
		{D4DB9E5A-7E3D-40AD-AC93-C1ABEBACD041}.Debug|Any CPU.ActiveCfg = Debug|Any CPU
		{D4DB9E5A-7E3D-40AD-AC93-C1ABEBACD041}.Debug|Any CPU.Build.0 = Debug|Any CPU
		{D4DB9E5A-7E3D-40AD-AC93-C1ABEBACD041}.Release|Any CPU.ActiveCfg = Release|Any CPU
		{D4DB9E5A-7E3D-40AD-AC93-C1ABEBACD041}.Release|Any CPU.Build.0 = Release|Any CPU
		{3A3A01DD-FF97-4B94-BC9D-F0972596EB45}.Debug|Any CPU.ActiveCfg = Debug|Any CPU
		{3A3A01DD-FF97-4B94-BC9D-F0972596EB45}.Debug|Any CPU.Build.0 = Debug|Any CPU
		{3A3A01DD-FF97-4B94-BC9D-F0972596EB45}.Release|Any CPU.ActiveCfg = Release|Any CPU
		{3A3A01DD-FF97-4B94-BC9D-F0972596EB45}.Release|Any CPU.Build.0 = Release|Any CPU
		{04A156BA-1C42-45F4-93F2-177F6A568653}.Debug|Any CPU.ActiveCfg = Debug|Any CPU
		{04A156BA-1C42-45F4-93F2-177F6A568653}.Debug|Any CPU.Build.0 = Debug|Any CPU
		{04A156BA-1C42-45F4-93F2-177F6A568653}.Release|Any CPU.ActiveCfg = Release|Any CPU
		{04A156BA-1C42-45F4-93F2-177F6A568653}.Release|Any CPU.Build.0 = Release|Any CPU
		{69E8A5FF-30C2-49E1-AAE9-162CC0E2E2C9}.Debug|Any CPU.ActiveCfg = Debug|Any CPU
		{69E8A5FF-30C2-49E1-AAE9-162CC0E2E2C9}.Debug|Any CPU.Build.0 = Debug|Any CPU
		{69E8A5FF-30C2-49E1-AAE9-162CC0E2E2C9}.Release|Any CPU.ActiveCfg = Release|Any CPU
		{69E8A5FF-30C2-49E1-AAE9-162CC0E2E2C9}.Release|Any CPU.Build.0 = Release|Any CPU
		{CE6BCAE7-C565-41EE-9F1E-8A87BE9954D9}.Debug|Any CPU.ActiveCfg = Debug|Any CPU
		{CE6BCAE7-C565-41EE-9F1E-8A87BE9954D9}.Debug|Any CPU.Build.0 = Debug|Any CPU
		{CE6BCAE7-C565-41EE-9F1E-8A87BE9954D9}.Release|Any CPU.ActiveCfg = Release|Any CPU
		{CE6BCAE7-C565-41EE-9F1E-8A87BE9954D9}.Release|Any CPU.Build.0 = Release|Any CPU
	EndGlobalSection
	GlobalSection(SolutionProperties) = preSolution
		HideSolutionNode = FALSE
	EndGlobalSection
	GlobalSection(NestedProjects) = preSolution
		{FE21B868-5F66-4AFA-AC9D-FC63D0765D47} = {6645EEDD-9466-418C-8ADA-DD0A505974CB}
		{7CF63D34-57CA-4D44-AC2D-B91396C6A0C7} = {6645EEDD-9466-418C-8ADA-DD0A505974CB}
		{2D22926C-1769-4213-AF59-AFACD27F35CD} = {6645EEDD-9466-418C-8ADA-DD0A505974CB}
		{AEC3FF19-5DFD-45F5-8A57-1DE2F1F8D75F} = {6645EEDD-9466-418C-8ADA-DD0A505974CB}
		{0B9CD12E-84A5-4A41-BB26-FBB11B59A488} = {6645EEDD-9466-418C-8ADA-DD0A505974CB}
		{08264522-C477-4C06-97D1-39C1A8425312} = {68BAA6B5-0AFC-4C7A-994C-005BFAF1E5E2}
		{C327D6DD-CBCB-4991-A910-1DB21C24A65A} = {68BAA6B5-0AFC-4C7A-994C-005BFAF1E5E2}
		{1EF5EEBD-3C02-47BD-91BA-9CB7D7219268} = {68BAA6B5-0AFC-4C7A-994C-005BFAF1E5E2}
		{EDD83728-CE78-428A-AADB-AA4C4947C6A5} = {68BAA6B5-0AFC-4C7A-994C-005BFAF1E5E2}
		{0E64F13E-1DD0-424D-BC88-67D3ABF76F4E} = {68BAA6B5-0AFC-4C7A-994C-005BFAF1E5E2}
		{D04169E1-0009-4F87-9AAA-96D925E57526} = {C7DB20D9-E6AB-4C51-801D-E31A4ACCCC86}
		{6BCBDF8D-7BA0-4B23-9C4A-D602E5925809} = {C7DB20D9-E6AB-4C51-801D-E31A4ACCCC86}
		{DE43FF74-7E13-48D4-B364-FDEF4767A57C} = {C7DB20D9-E6AB-4C51-801D-E31A4ACCCC86}
		{FDA3A49D-82A0-47F4-AAFB-D99B6732B97E} = {C7DB20D9-E6AB-4C51-801D-E31A4ACCCC86}
		{D4DB9E5A-7E3D-40AD-AC93-C1ABEBACD041} = {2EAFF66B-2F5F-43E1-A5EB-80F6B53B934C}
		{3A3A01DD-FF97-4B94-BC9D-F0972596EB45} = {2EAFF66B-2F5F-43E1-A5EB-80F6B53B934C}
		{04A156BA-1C42-45F4-93F2-177F6A568653} = {2EAFF66B-2F5F-43E1-A5EB-80F6B53B934C}
		{69E8A5FF-30C2-49E1-AAE9-162CC0E2E2C9} = {2EAFF66B-2F5F-43E1-A5EB-80F6B53B934C}
		{CE6BCAE7-C565-41EE-9F1E-8A87BE9954D9} = {64210A46-689E-49D6-B8DB-13603839FC1D}
	EndGlobalSection
	GlobalSection(ExtensibilityGlobals) = postSolution
		SolutionGuid = {F57895F1-132A-4E10-A0B1-5E6D5CEB23FD}
	EndGlobalSection
EndGlobal
